
Microsoft Visual Studio Solution File, Format Version 12.00
# Visual Studio Version 17
VisualStudioVersion = 17.9.34728.123
MinimumVisualStudioVersion = 10.0.40219.1
Project("{9A19103F-16F7-4668-BE54-9A1E7A4F7556}") = "MeuTodo", "MeuTodo.csproj", "{9C93B8D4-56F6-4D5A-9DA3-A67F11E7D286}"
EndProject
Global
	GlobalSection(SolutionConfigurationPlatforms) = preSolution
		Debug|Any CPU = Debug|Any CPU
		Release|Any CPU = Release|Any CPU
	EndGlobalSection
	GlobalSection(ProjectConfigurationPlatforms) = postSolution
		{9C93B8D4-56F6-4D5A-9DA3-A67F11E7D286}.Debug|Any CPU.ActiveCfg = Debug|Any CPU
		{9C93B8D4-56F6-4D5A-9DA3-A67F11E7D286}.Debug|Any CPU.Build.0 = Debug|Any CPU
		{9C93B8D4-56F6-4D5A-9DA3-A67F11E7D286}.Release|Any CPU.ActiveCfg = Release|Any CPU
		{9C93B8D4-56F6-4D5A-9DA3-A67F11E7D286}.Release|Any CPU.Build.0 = Release|Any CPU
	EndGlobalSection
	GlobalSection(SolutionProperties) = preSolution
		HideSolutionNode = FALSE
	EndGlobalSection
	GlobalSection(ExtensibilityGlobals) = postSolution
		SolutionGuid = {2AB068EC-2259-47AD-91FF-42411F1F2301}
	EndGlobalSection
EndGlobal
